
Microsoft Visual Studio Solution File, Format Version 12.00
# Visual Studio 15
VisualStudioVersion = 15.0.28307.1082
MinimumVisualStudioVersion = 10.0.40219.1
Project("{FAE04EC0-301F-11D3-BF4B-00C04F79EFBC}") = "converter", "converter\converter.csproj", "{0A661F29-49DF-469D-931B-AB7D5E3D7A7E}"
EndProject
Global
	GlobalSection(SolutionConfigurationPlatforms) = preSolution
		Debug|Any CPU = Debug|Any CPU
		Release|Any CPU = Release|Any CPU
	EndGlobalSection
	GlobalSection(ProjectConfigurationPlatforms) = postSolution
		{0A661F29-49DF-469D-931B-AB7D5E3D7A7E}.Debug|Any CPU.ActiveCfg = Debug|Any CPU
		{0A661F29-49DF-469D-931B-AB7D5E3D7A7E}.Debug|Any CPU.Build.0 = Debug|Any CPU
		{0A661F29-49DF-469D-931B-AB7D5E3D7A7E}.Release|Any CPU.ActiveCfg = Release|Any CPU
		{0A661F29-49DF-469D-931B-AB7D5E3D7A7E}.Release|Any CPU.Build.0 = Release|Any CPU
	EndGlobalSection
	GlobalSection(SolutionProperties) = preSolution
		HideSolutionNode = FALSE
	EndGlobalSection
	GlobalSection(ExtensibilityGlobals) = postSolution
		SolutionGuid = {88223208-3ED0-4157-B6AF-43C03A2D0361}
	EndGlobalSection
EndGlobal
